
Microsoft Visual Studio Solution File, Format Version 12.00
Project("{FAE04EC0-301F-11D3-BF4B-00C04F79EFBC}") = "ZgrzytDesktop", "ZgrzytDesktop\ZgrzytDesktop.csproj", "{95C4ADB2-5DAF-4F46-9CC1-C8CF8480623A}"
EndProject
Project("{FAE04EC0-301F-11D3-BF4B-00C04F79EFBC}") = "ZgrzytDesktop.Tests", "ZgrzytDesktop.Tests\ZgrzytDesktop.Tests.csproj", "{3F21D575-6874-4F52-9DB9-8A5D3F20F0A1}"
EndProject
Project("{FAE04EC0-301F-11D3-BF4B-00C04F79EFBC}") = "ZgrzytDesktop.Headless.Tests", "ZgrzytDesktop.Headless.Tests\ZgrzytDesktop.Headless.Tests.csproj", "{141CD89F-CAF5-46C4-8DB5-0D3EE5E0EBAE}"
EndProject
Global
	GlobalSection(SolutionConfigurationPlatforms) = preSolution
		Debug|Any CPU = Debug|Any CPU
		Debug|x64 = Debug|x64
		Debug|x86 = Debug|x86
		Release|Any CPU = Release|Any CPU
		Release|x64 = Release|x64
		Release|x86 = Release|x86
	EndGlobalSection
	GlobalSection(ProjectConfigurationPlatforms) = postSolution
		{95C4ADB2-5DAF-4F46-9CC1-C8CF8480623A}.Debug|Any CPU.ActiveCfg = Debug|Any CPU
		{95C4ADB2-5DAF-4F46-9CC1-C8CF8480623A}.Debug|Any CPU.Build.0 = Debug|Any CPU
		{95C4ADB2-5DAF-4F46-9CC1-C8CF8480623A}.Debug|x64.ActiveCfg = Debug|Any CPU
		{95C4ADB2-5DAF-4F46-9CC1-C8CF8480623A}.Debug|x64.Build.0 = Debug|Any CPU
		{95C4ADB2-5DAF-4F46-9CC1-C8CF8480623A}.Debug|x86.ActiveCfg = Debug|Any CPU
		{95C4ADB2-5DAF-4F46-9CC1-C8CF8480623A}.Debug|x86.Build.0 = Debug|Any CPU
		{95C4ADB2-5DAF-4F46-9CC1-C8CF8480623A}.Release|Any CPU.ActiveCfg = Release|Any CPU
		{95C4ADB2-5DAF-4F46-9CC1-C8CF8480623A}.Release|Any CPU.Build.0 = Release|Any CPU
		{95C4ADB2-5DAF-4F46-9CC1-C8CF8480623A}.Release|x64.ActiveCfg = Release|Any CPU
		{95C4ADB2-5DAF-4F46-9CC1-C8CF8480623A}.Release|x64.Build.0 = Release|Any CPU
		{95C4ADB2-5DAF-4F46-9CC1-C8CF8480623A}.Release|x86.ActiveCfg = Release|Any CPU
		{95C4ADB2-5DAF-4F46-9CC1-C8CF8480623A}.Release|x86.Build.0 = Release|Any CPU
		{3F21D575-6874-4F52-9DB9-8A5D3F20F0A1}.Debug|Any CPU.ActiveCfg = Debug|Any CPU
		{3F21D575-6874-4F52-9DB9-8A5D3F20F0A1}.Debug|Any CPU.Build.0 = Debug|Any CPU
		{3F21D575-6874-4F52-9DB9-8A5D3F20F0A1}.Debug|x64.ActiveCfg = Debug|Any CPU
		{3F21D575-6874-4F52-9DB9-8A5D3F20F0A1}.Debug|x64.Build.0 = Debug|Any CPU
		{3F21D575-6874-4F52-9DB9-8A5D3F20F0A1}.Debug|x86.ActiveCfg = Debug|Any CPU
		{3F21D575-6874-4F52-9DB9-8A5D3F20F0A1}.Debug|x86.Build.0 = Debug|Any CPU
		{3F21D575-6874-4F52-9DB9-8A5D3F20F0A1}.Release|Any CPU.ActiveCfg = Release|Any CPU
		{3F21D575-6874-4F52-9DB9-8A5D3F20F0A1}.Release|Any CPU.Build.0 = Release|Any CPU
		{3F21D575-6874-4F52-9DB9-8A5D3F20F0A1}.Release|x64.ActiveCfg = Release|Any CPU
		{3F21D575-6874-4F52-9DB9-8A5D3F20F0A1}.Release|x64.Build.0 = Release|Any CPU
		{3F21D575-6874-4F52-9DB9-8A5D3F20F0A1}.Release|x86.ActiveCfg = Release|Any CPU
		{3F21D575-6874-4F52-9DB9-8A5D3F20F0A1}.Release|x86.Build.0 = Release|Any CPU
		{141CD89F-CAF5-46C4-8DB5-0D3EE5E0EBAE}.Debug|Any CPU.ActiveCfg = Debug|Any CPU
		{141CD89F-CAF5-46C4-8DB5-0D3EE5E0EBAE}.Debug|Any CPU.Build.0 = Debug|Any CPU
		{141CD89F-CAF5-46C4-8DB5-0D3EE5E0EBAE}.Debug|x64.ActiveCfg = Debug|Any CPU
		{141CD89F-CAF5-46C4-8DB5-0D3EE5E0EBAE}.Debug|x64.Build.0 = Debug|Any CPU
		{141CD89F-CAF5-46C4-8DB5-0D3EE5E0EBAE}.Debug|x86.ActiveCfg = Debug|Any CPU
		{141CD89F-CAF5-46C4-8DB5-0D3EE5E0EBAE}.Debug|x86.Build.0 = Debug|Any CPU
		{141CD89F-CAF5-46C4-8DB5-0D3EE5E0EBAE}.Release|Any CPU.ActiveCfg = Release|Any CPU
		{141CD89F-CAF5-46C4-8DB5-0D3EE5E0EBAE}.Release|Any CPU.Build.0 = Release|Any CPU
		{141CD89F-CAF5-46C4-8DB5-0D3EE5E0EBAE}.Release|x64.ActiveCfg = Release|Any CPU
		{141CD89F-CAF5-46C4-8DB5-0D3EE5E0EBAE}.Release|x64.Build.0 = Release|Any CPU
		{141CD89F-CAF5-46C4-8DB5-0D3EE5E0EBAE}.Release|x86.ActiveCfg = Release|Any CPU
		{141CD89F-CAF5-46C4-8DB5-0D3EE5E0EBAE}.Release|x86.Build.0 = Release|Any CPU
	EndGlobalSection
	GlobalSection(SolutionProperties) = preSolution
		HideSolutionNode = FALSE
	EndGlobalSection
EndGlobal
